
Microsoft Visual Studio Solution File, Format Version 12.00
# Visual Studio 15
VisualStudioVersion = 15.0.27703.2026
MinimumVisualStudioVersion = 10.0.40219.1
Project("{FAE04EC0-301F-11D3-BF4B-00C04F79EFBC}") = "FarManager", "FarManager\FarManager.csproj", "{095B93F8-B73E-483D-A320-6341B9FBAB9F}"
EndProject
Global
	GlobalSection(SolutionConfigurationPlatforms) = preSolution
		Debug|Any CPU = Debug|Any CPU
		Release|Any CPU = Release|Any CPU
	EndGlobalSection
	GlobalSection(ProjectConfigurationPlatforms) = postSolution
		{095B93F8-B73E-483D-A320-6341B9FBAB9F}.Debug|Any CPU.ActiveCfg = Debug|Any CPU
		{095B93F8-B73E-483D-A320-6341B9FBAB9F}.Debug|Any CPU.Build.0 = Debug|Any CPU
		{095B93F8-B73E-483D-A320-6341B9FBAB9F}.Release|Any CPU.ActiveCfg = Release|Any CPU
		{095B93F8-B73E-483D-A320-6341B9FBAB9F}.Release|Any CPU.Build.0 = Release|Any CPU
	EndGlobalSection
	GlobalSection(SolutionProperties) = preSolution
		HideSolutionNode = FALSE
	EndGlobalSection
	GlobalSection(ExtensibilityGlobals) = postSolution
		SolutionGuid = {33E92BA3-B5AA-4919-9856-4B6A7A4396B0}
	EndGlobalSection
EndGlobal
